
Microsoft Visual Studio Solution File, Format Version 12.00
# Visual Studio 15
VisualStudioVersion = 15.0.28307.757
MinimumVisualStudioVersion = 10.0.40219.1
Project("{FAE04EC0-301F-11D3-BF4B-00C04F79EFBC}") = "SDmS.Identity.Api", "src\Services\Identity\SDmS.Identity.Api\SDmS.Identity.Api.csproj", "{DE174493-50FB-48DF-B055-8889C8CF16A7}"
EndProject
Project("{2150E333-8FDC-42A3-9474-1A3956D46DE8}") = "src", "src", "{749B50B1-EBF3-4F98-A065-58D2ED97E28A}"
EndProject
Project("{2150E333-8FDC-42A3-9474-1A3956D46DE8}") = "Services", "Services", "{A8726185-F677-4A44-A8D1-331C659AE624}"
EndProject
Project("{2150E333-8FDC-42A3-9474-1A3956D46DE8}") = "Identity", "Identity", "{DFD30578-75F9-49F2-BD70-E78CFEDC8554}"
EndProject
Project("{2150E333-8FDC-42A3-9474-1A3956D46DE8}") = "DI", "DI", "{6B11C2A9-1A10-45C1-B81D-CFFFD6F15024}"
EndProject
Project("{2150E333-8FDC-42A3-9474-1A3956D46DE8}") = ".Net Framework", ".Net Framework", "{D7F5DEF5-6C32-4958-A26A-27279BC84DF8}"
EndProject
Project("{2150E333-8FDC-42A3-9474-1A3956D46DE8}") = ".Net Core", ".Net Core", "{549E6E49-04AA-4DBE-9C7D-527BE1BCD2DC}"
EndProject
Project("{FAE04EC0-301F-11D3-BF4B-00C04F79EFBC}") = "SDmS.Identity.Core", "src\Services\Identity\SDmS.Identity.Core\SDmS.Identity.Core.csproj", "{401C63DB-9CDF-460D-8CBC-1CE8E32B730A}"
EndProject
Project("{FAE04EC0-301F-11D3-BF4B-00C04F79EFBC}") = "SDmS.Identity.Common", "src\Services\Identity\SDmS.Identity.Common\SDmS.Identity.Common.csproj", "{DAE63B54-CC42-4788-B60D-E416C62EDCB1}"
EndProject
Project("{FAE04EC0-301F-11D3-BF4B-00C04F79EFBC}") = "SDmS.Identity.DI", "src\Services\Identity\SDmS.Identity.DI\SDmS.Identity.DI.csproj", "{C5E5B974-C625-409F-B1F8-A3F76864A508}"
EndProject
Project("{2150E333-8FDC-42A3-9474-1A3956D46DE8}") = "Resource", "Resource", "{6A0A6D4B-E338-4F0F-AE33-B15A90BA1E0E}"
EndProject
Project("{9A19103F-16F7-4668-BE54-9A1E7A4F7556}") = "SDmS.Resource.Api", "src\Services\Resource Api\SDmS.Resource.Api\SDmS.Resource.Api.csproj", "{2D5A485F-8879-4D7B-A710-AB91A19AFC8E}"
EndProject
Project("{2150E333-8FDC-42A3-9474-1A3956D46DE8}") = "Messages", "Messages", "{DF81B24D-64FC-41D8-834A-F6FD39785468}"
EndProject
Project("{9A19103F-16F7-4668-BE54-9A1E7A4F7556}") = "SDmS.Messages.Common", "src\Messages\SDmS.Messages.Common\SDmS.Messages.Common.csproj", "{B13E0BF8-1EFE-4497-94CA-8CC68FD632A7}"
EndProject
Project("{2150E333-8FDC-42A3-9474-1A3956D46DE8}") = "Notifications", "Notifications", "{F2B33D25-ECCD-4C1C-93E4-FC26C9B9417D}"
EndProject
Project("{9A19103F-16F7-4668-BE54-9A1E7A4F7556}") = "SDmS.Notifications.Api", "src\Services\Notifications Api\SDmS.Notifications.Api\SDmS.Notifications.Api.csproj", "{9321B9DA-DB7E-4E85-98B5-F78B57719634}"
EndProject
Project("{2150E333-8FDC-42A3-9474-1A3956D46DE8}") = "MqttBroker", "MqttBroker", "{3C29F9DE-C04B-4251-9D25-944956111424}"
EndProject
Project("{9A19103F-16F7-4668-BE54-9A1E7A4F7556}") = "SDmS.MqttBroker.Host", "src\Services\Mqtt Broker\SDmS.MqttBroker.Host\SDmS.MqttBroker.Host.csproj", "{80A5642F-230A-4010-8B75-4D751770B910}"
EndProject
Project("{2150E333-8FDC-42A3-9474-1A3956D46DE8}") = "Device Enactor", "Device Enactor", "{14A00796-9A1F-4CE4-B297-DCAD95F10EA2}"
EndProject
Project("{FAE04EC0-301F-11D3-BF4B-00C04F79EFBC}") = "SDmS.DeviceEnactor.Host", "src\Services\Device Enactor\SDmS.DeviceEnactor.Host\SDmS.DeviceEnactor.Host.csproj", "{F23D9E2F-E460-4BAB-9FD1-825CB91A7848}"
EndProject
Project("{2150E333-8FDC-42A3-9474-1A3956D46DE8}") = "Device Listener", "Device Listener", "{5A98E3AE-E5AE-4944-B4F3-F5BF4AA3787D}"
EndProject
Project("{FAE04EC0-301F-11D3-BF4B-00C04F79EFBC}") = "SDmS.DeviceListener.Host", "src\Services\Device Listener\SDmS.DeviceListener.Host\SDmS.DeviceListener.Host.csproj", "{3F04F000-FC0B-4A3D-A98A-6122713BF445}"
EndProject
Global
	GlobalSection(SolutionConfigurationPlatforms) = preSolution
		Debug|Any CPU = Debug|Any CPU
		Release|Any CPU = Release|Any CPU
	EndGlobalSection
	GlobalSection(ProjectConfigurationPlatforms) = postSolution
		{DE174493-50FB-48DF-B055-8889C8CF16A7}.Debug|Any CPU.ActiveCfg = Debug|Any CPU
		{DE174493-50FB-48DF-B055-8889C8CF16A7}.Debug|Any CPU.Build.0 = Debug|Any CPU
		{DE174493-50FB-48DF-B055-8889C8CF16A7}.Release|Any CPU.ActiveCfg = Release|Any CPU
		{DE174493-50FB-48DF-B055-8889C8CF16A7}.Release|Any CPU.Build.0 = Release|Any CPU
		{401C63DB-9CDF-460D-8CBC-1CE8E32B730A}.Debug|Any CPU.ActiveCfg = Debug|Any CPU
		{401C63DB-9CDF-460D-8CBC-1CE8E32B730A}.Debug|Any CPU.Build.0 = Debug|Any CPU
		{401C63DB-9CDF-460D-8CBC-1CE8E32B730A}.Release|Any CPU.ActiveCfg = Release|Any CPU
		{401C63DB-9CDF-460D-8CBC-1CE8E32B730A}.Release|Any CPU.Build.0 = Release|Any CPU
		{DAE63B54-CC42-4788-B60D-E416C62EDCB1}.Debug|Any CPU.ActiveCfg = Debug|Any CPU
		{DAE63B54-CC42-4788-B60D-E416C62EDCB1}.Debug|Any CPU.Build.0 = Debug|Any CPU
		{DAE63B54-CC42-4788-B60D-E416C62EDCB1}.Release|Any CPU.ActiveCfg = Release|Any CPU
		{DAE63B54-CC42-4788-B60D-E416C62EDCB1}.Release|Any CPU.Build.0 = Release|Any CPU
		{C5E5B974-C625-409F-B1F8-A3F76864A508}.Debug|Any CPU.ActiveCfg = Debug|Any CPU
		{C5E5B974-C625-409F-B1F8-A3F76864A508}.Debug|Any CPU.Build.0 = Debug|Any CPU
		{C5E5B974-C625-409F-B1F8-A3F76864A508}.Release|Any CPU.ActiveCfg = Release|Any CPU
		{C5E5B974-C625-409F-B1F8-A3F76864A508}.Release|Any CPU.Build.0 = Release|Any CPU
		{2D5A485F-8879-4D7B-A710-AB91A19AFC8E}.Debug|Any CPU.ActiveCfg = Debug|Any CPU
		{2D5A485F-8879-4D7B-A710-AB91A19AFC8E}.Debug|Any CPU.Build.0 = Debug|Any CPU
		{2D5A485F-8879-4D7B-A710-AB91A19AFC8E}.Release|Any CPU.ActiveCfg = Release|Any CPU
		{2D5A485F-8879-4D7B-A710-AB91A19AFC8E}.Release|Any CPU.Build.0 = Release|Any CPU
		{B13E0BF8-1EFE-4497-94CA-8CC68FD632A7}.Debug|Any CPU.ActiveCfg = Debug|Any CPU
		{B13E0BF8-1EFE-4497-94CA-8CC68FD632A7}.Debug|Any CPU.Build.0 = Debug|Any CPU
		{B13E0BF8-1EFE-4497-94CA-8CC68FD632A7}.Release|Any CPU.ActiveCfg = Release|Any CPU
		{B13E0BF8-1EFE-4497-94CA-8CC68FD632A7}.Release|Any CPU.Build.0 = Release|Any CPU
		{9321B9DA-DB7E-4E85-98B5-F78B57719634}.Debug|Any CPU.ActiveCfg = Debug|Any CPU
		{9321B9DA-DB7E-4E85-98B5-F78B57719634}.Debug|Any CPU.Build.0 = Debug|Any CPU
		{9321B9DA-DB7E-4E85-98B5-F78B57719634}.Release|Any CPU.ActiveCfg = Release|Any CPU
		{9321B9DA-DB7E-4E85-98B5-F78B57719634}.Release|Any CPU.Build.0 = Release|Any CPU
		{80A5642F-230A-4010-8B75-4D751770B910}.Debug|Any CPU.ActiveCfg = Debug|Any CPU
		{80A5642F-230A-4010-8B75-4D751770B910}.Debug|Any CPU.Build.0 = Debug|Any CPU
		{80A5642F-230A-4010-8B75-4D751770B910}.Release|Any CPU.ActiveCfg = Release|Any CPU
		{80A5642F-230A-4010-8B75-4D751770B910}.Release|Any CPU.Build.0 = Release|Any CPU
		{F23D9E2F-E460-4BAB-9FD1-825CB91A7848}.Debug|Any CPU.ActiveCfg = Debug|Any CPU
		{F23D9E2F-E460-4BAB-9FD1-825CB91A7848}.Debug|Any CPU.Build.0 = Debug|Any CPU
		{F23D9E2F-E460-4BAB-9FD1-825CB91A7848}.Release|Any CPU.ActiveCfg = Release|Any CPU
		{F23D9E2F-E460-4BAB-9FD1-825CB91A7848}.Release|Any CPU.Build.0 = Release|Any CPU
		{3F04F000-FC0B-4A3D-A98A-6122713BF445}.Debug|Any CPU.ActiveCfg = Debug|Any CPU
		{3F04F000-FC0B-4A3D-A98A-6122713BF445}.Debug|Any CPU.Build.0 = Debug|Any CPU
		{3F04F000-FC0B-4A3D-A98A-6122713BF445}.Release|Any CPU.ActiveCfg = Release|Any CPU
		{3F04F000-FC0B-4A3D-A98A-6122713BF445}.Release|Any CPU.Build.0 = Release|Any CPU
	EndGlobalSection
	GlobalSection(SolutionProperties) = preSolution
		HideSolutionNode = FALSE
	EndGlobalSection
	GlobalSection(NestedProjects) = preSolution
		{DE174493-50FB-48DF-B055-8889C8CF16A7} = {DFD30578-75F9-49F2-BD70-E78CFEDC8554}
		{A8726185-F677-4A44-A8D1-331C659AE624} = {749B50B1-EBF3-4F98-A065-58D2ED97E28A}
		{DFD30578-75F9-49F2-BD70-E78CFEDC8554} = {A8726185-F677-4A44-A8D1-331C659AE624}
		{6B11C2A9-1A10-45C1-B81D-CFFFD6F15024} = {749B50B1-EBF3-4F98-A065-58D2ED97E28A}
		{D7F5DEF5-6C32-4958-A26A-27279BC84DF8} = {6B11C2A9-1A10-45C1-B81D-CFFFD6F15024}
		{549E6E49-04AA-4DBE-9C7D-527BE1BCD2DC} = {6B11C2A9-1A10-45C1-B81D-CFFFD6F15024}
		{401C63DB-9CDF-460D-8CBC-1CE8E32B730A} = {DFD30578-75F9-49F2-BD70-E78CFEDC8554}
		{DAE63B54-CC42-4788-B60D-E416C62EDCB1} = {DFD30578-75F9-49F2-BD70-E78CFEDC8554}
		{C5E5B974-C625-409F-B1F8-A3F76864A508} = {D7F5DEF5-6C32-4958-A26A-27279BC84DF8}
		{6A0A6D4B-E338-4F0F-AE33-B15A90BA1E0E} = {A8726185-F677-4A44-A8D1-331C659AE624}
		{2D5A485F-8879-4D7B-A710-AB91A19AFC8E} = {6A0A6D4B-E338-4F0F-AE33-B15A90BA1E0E}
		{DF81B24D-64FC-41D8-834A-F6FD39785468} = {749B50B1-EBF3-4F98-A065-58D2ED97E28A}
		{B13E0BF8-1EFE-4497-94CA-8CC68FD632A7} = {DF81B24D-64FC-41D8-834A-F6FD39785468}
		{F2B33D25-ECCD-4C1C-93E4-FC26C9B9417D} = {A8726185-F677-4A44-A8D1-331C659AE624}
		{9321B9DA-DB7E-4E85-98B5-F78B57719634} = {F2B33D25-ECCD-4C1C-93E4-FC26C9B9417D}
		{3C29F9DE-C04B-4251-9D25-944956111424} = {A8726185-F677-4A44-A8D1-331C659AE624}
		{80A5642F-230A-4010-8B75-4D751770B910} = {3C29F9DE-C04B-4251-9D25-944956111424}
		{14A00796-9A1F-4CE4-B297-DCAD95F10EA2} = {A8726185-F677-4A44-A8D1-331C659AE624}
		{F23D9E2F-E460-4BAB-9FD1-825CB91A7848} = {14A00796-9A1F-4CE4-B297-DCAD95F10EA2}
		{5A98E3AE-E5AE-4944-B4F3-F5BF4AA3787D} = {A8726185-F677-4A44-A8D1-331C659AE624}
		{3F04F000-FC0B-4A3D-A98A-6122713BF445} = {5A98E3AE-E5AE-4944-B4F3-F5BF4AA3787D}
	EndGlobalSection
	GlobalSection(ExtensibilityGlobals) = postSolution
		SolutionGuid = {0711B079-E477-4176-9FEF-FAFFB0FE0B13}
	EndGlobalSection
EndGlobal
